{
  "pins" : [
    {
      "identity" : "capacitor6-spm-test",
      "kind" : "remoteSourceControl",
      "location" : "https://github.com/ionic-team/capacitor6-spm-test.git",
      "state" : {
        "branch" : "main",
        "revision" : "cf4ff2bc1dffb14adc27b1e5a09ac37e85424b99"
      }
    }
  ],
  "version" : 2
}
