PODS:
  - Capacitor (3.0.0-alpha.1):
    - CapacitorCordova
  - CapacitorCordova (3.0.0-alpha.1)
  - ReachabilitySwift (5.0.0)

DEPENDENCIES:
  - "Capacitor (from `../node_modules/@capacitor/ios`)"
  - "CapacitorCordova (from `../node_modules/@capacitor/ios`)"
  - ReachabilitySwift

SPEC REPOS:
  trunk:
    - ReachabilitySwift

EXTERNAL SOURCES:
  Capacitor:
    :path: "../node_modules/@capacitor/ios"
  CapacitorCordova:
    :path: "../node_modules/@capacitor/ios"

SPEC CHECKSUMS:
  Capacitor: 2f0d3b7f5c162202a14409de756480b6017ac17b
  CapacitorCordova: 232755ae6305222225111926f91f9048354199e3
  ReachabilitySwift: 985039c6f7b23a1da463388634119492ff86c825

PODFILE CHECKSUM: c2e8fb025f4de0303d8320784adaf20e0d0c2560

COCOAPODS: 1.9.3
