PODS:
  - Capacitor (3.0.0-alpha.0):
    - CapacitorCordova
  - CapacitorCordova (3.0.0-alpha.0)

DEPENDENCIES:
  - "Capacitor (from `../node_modules/@capacitor/ios`)"
  - "CapacitorCordova (from `../node_modules/@capacitor/ios`)"

EXTERNAL SOURCES:
  Capacitor:
    :path: "../node_modules/@capacitor/ios"
  CapacitorCordova:
    :path: "../node_modules/@capacitor/ios"

SPEC CHECKSUMS:
  Capacitor: 7108ccc9b0dd2b48c0468666e0d9efd1d42998e5
  CapacitorCordova: d5c0f46dfad616eed2dcf244ba8e3e830d584f06

PODFILE CHECKSUM: e66d6fa04b0daaf06d8498d39637adf77139c716

COCOAPODS: 1.9.1
