PODS:
  - Capacitor (3.0.0-alpha.5):
    - CapacitorCordova
  - CapacitorCordova (3.0.0-alpha.5)

DEPENDENCIES:
  - "Capacitor (from `../node_modules/@capacitor/ios`)"
  - "CapacitorCordova (from `../node_modules/@capacitor/ios`)"

EXTERNAL SOURCES:
  Capacitor:
    :path: "../node_modules/@capacitor/ios"
  CapacitorCordova:
    :path: "../node_modules/@capacitor/ios"

SPEC CHECKSUMS:
  Capacitor: d236a8d8c1d9441544db79dcd378ecb1e33d1328
  CapacitorCordova: 5e9405c132da4bac38e928816c63c9fdaa41b86b

PODFILE CHECKSUM: e66d6fa04b0daaf06d8498d39637adf77139c716

COCOAPODS: 1.9.1
