{
  "pins" : [
    {
      "identity" : "capacitor-gmaps-spm",
      "kind" : "remoteSourceControl",
      "location" : "https://github.com/ionic-team/capacitor-gmaps-spm",
      "state" : {
        "revision" : "6d4a3fc3c8a33b923f35c0d96aefee03d85a7765",
        "version" : "8.3.1"
      }
    },
    {
      "identity" : "capacitor6-spm-test",
      "kind" : "remoteSourceControl",
      "location" : "https://github.com/ionic-team/capacitor6-spm-test.git",
      "state" : {
        "branch" : "main",
        "revision" : "cf4ff2bc1dffb14adc27b1e5a09ac37e85424b99"
      }
    },
    {
      "identity" : "google-maps-ios-utils",
      "kind" : "remoteSourceControl",
      "location" : "https://github.com/googlemaps/google-maps-ios-utils.git",
      "state" : {
        "revision" : "b56b39cec0e3d5938ddadbfeb4d3fec541ebbb5e",
        "version" : "4.2.2"
      }
    }
  ],
  "version" : 2
}
