PODS:
  - Capacitor (3.0.0-alpha.2):
    - CapacitorCordova
  - CapacitorCordova (3.0.0-alpha.2)

DEPENDENCIES:
  - "Capacitor (from `../node_modules/@capacitor/ios`)"
  - "CapacitorCordova (from `../node_modules/@capacitor/ios`)"

EXTERNAL SOURCES:
  Capacitor:
    :path: "../node_modules/@capacitor/ios"
  CapacitorCordova:
    :path: "../node_modules/@capacitor/ios"

SPEC CHECKSUMS:
  Capacitor: ad291d097cd6e3b42fd78b91a70f5e5909d6b17f
  CapacitorCordova: fb6dbd693971e8ba8840555aa37bfca29e132024

PODFILE CHECKSUM: e66d6fa04b0daaf06d8498d39637adf77139c716

COCOAPODS: 1.9.1
